// !$*UTF8*$!
{
	archiveVersion = 1;
	classes = {
	};
	objectVersion = 46;
	objects = {

/* Begin PBXBuildFile section */
		4F5439531C0A169500DA3D8D /* value.swift in Sources */ = {isa = PBXBuildFile; fileRef = 4F5439441C0A169500DA3D8D /* value.swift */; };
		4F5439541C0A169500DA3D8D /* environment.swift in Sources */ = {isa = PBXBuildFile; fileRef = 4F5439451C0A169500DA3D8D /* environment.swift */; };
		4F5439551C0A169500DA3D8D /* errors.swift in Sources */ = {isa = PBXBuildFile; fileRef = 4F5439461C0A169500DA3D8D /* errors.swift */; };
		4F5439561C0A169500DA3D8D /* lexer.swift in Sources */ = {isa = PBXBuildFile; fileRef = 4F5439471C0A169500DA3D8D /* lexer.swift */; };
		4F5439571C0A169500DA3D8D /* library.swift in Sources */ = {isa = PBXBuildFile; fileRef = 4F5439481C0A169500DA3D8D /* library.swift */; };
		4F5439591C0A169500DA3D8D /* numeric-parser.swift in Sources */ = {isa = PBXBuildFile; fileRef = 4F54394A1C0A169500DA3D8D /* numeric-parser.swift */; };
		4F54395A1C0A169500DA3D8D /* numeric-text.swift in Sources */ = {isa = PBXBuildFile; fileRef = 4F54394B1C0A169500DA3D8D /* numeric-text.swift */; };
		4F54395B1C0A169500DA3D8D /* operator-tables.swift in Sources */ = {isa = PBXBuildFile; fileRef = 4F54394C1C0A169500DA3D8D /* operator-tables.swift */; };
		4F54395C1C0A169500DA3D8D /* parser.swift in Sources */ = {isa = PBXBuildFile; fileRef = 4F54394D1C0A169500DA3D8D /* parser.swift */; };
		4F54395D1C0A169500DA3D8D /* procedure.swift in Sources */ = {isa = PBXBuildFile; fileRef = 4F54394E1C0A169500DA3D8D /* procedure.swift */; };
		4F54395E1C0A169500DA3D8D /* renderer.swift in Sources */ = {isa = PBXBuildFile; fileRef = 4F54394F1C0A169500DA3D8D /* renderer.swift */; };
		4F54395F1C0A169500DA3D8D /* scalar-text.swift in Sources */ = {isa = PBXBuildFile; fileRef = 4F5439501C0A169500DA3D8D /* scalar-text.swift */; };
		4F5439601C0A169500DA3D8D /* token.swift in Sources */ = {isa = PBXBuildFile; fileRef = 4F5439511C0A169500DA3D8D /* token.swift */; };
		4F7715E41DC95E3C006F8821 /* text.swift in Sources */ = {isa = PBXBuildFile; fileRef = 4F7715E31DC95E3C006F8821 /* text.swift */; };
		4F7715E61DC95E51006F8821 /* list.swift in Sources */ = {isa = PBXBuildFile; fileRef = 4F7715E51DC95E51006F8821 /* list.swift */; };
		4F7715E81DC95E61006F8821 /* record.swift in Sources */ = {isa = PBXBuildFile; fileRef = 4F7715E71DC95E61006F8821 /* record.swift */; };
		4F7715EA1DC95E70006F8821 /* command.swift in Sources */ = {isa = PBXBuildFile; fileRef = 4F7715E91DC95E70006F8821 /* command.swift */; };
		4F7715EC1DC95E87006F8821 /* miscellaneous.swift in Sources */ = {isa = PBXBuildFile; fileRef = 4F7715EB1DC95E87006F8821 /* miscellaneous.swift */; };
		4F7715EE1DC95F13006F8821 /* records.swift in Sources */ = {isa = PBXBuildFile; fileRef = 4F7715ED1DC95F13006F8821 /* records.swift */; };
		4FA3D4CA1C0A1A2400990B49 /* main.swift in Sources */ = {isa = PBXBuildFile; fileRef = 4FA3D4C91C0A1A2400990B49 /* main.swift */; };
		4FE28DE41DC5C0270047414B /* base.swift in Sources */ = {isa = PBXBuildFile; fileRef = 4FE28DE31DC5C0270047414B /* base.swift */; };
		4FE28DE61DC5C0760047414B /* texts.swift in Sources */ = {isa = PBXBuildFile; fileRef = 4FE28DE51DC5C0760047414B /* texts.swift */; };
		4FE28DE81DC5C08A0047414B /* lists.swift in Sources */ = {isa = PBXBuildFile; fileRef = 4FE28DE71DC5C08A0047414B /* lists.swift */; };
		4FE28DEA1DC68E240047414B /* modifiers.swift in Sources */ = {isa = PBXBuildFile; fileRef = 4FE28DE91DC68E240047414B /* modifiers.swift */; };
		4FE28DEC1DC68EC20047414B /* commands.swift in Sources */ = {isa = PBXBuildFile; fileRef = 4FE28DEB1DC68EC20047414B /* commands.swift */; };
		4FE28DEE1DC68F910047414B /* other.swift in Sources */ = {isa = PBXBuildFile; fileRef = 4FE28DED1DC68F910047414B /* other.swift */; };
		4FF060E11C20F3AA00622913 /* signature.swift in Sources */ = {isa = PBXBuildFile; fileRef = 4FF060E01C20F3AA00622913 /* signature.swift */; };
		4FF3363C1C170006007A3E7B /* operators.swift in Sources */ = {isa = PBXBuildFile; fileRef = 4FF3363B1C170006007A3E7B /* operators.swift */; };
/* End PBXBuildFile section */

/* Begin PBXCopyFilesBuildPhase section */
		4FFD82AB1BD2D57C00677DC4 /* CopyFiles */ = {
			isa = PBXCopyFilesBuildPhase;
			buildActionMask = 2147483647;
			dstPath = /usr/share/man/man1/;
			dstSubfolderSpec = 0;
			files = (
			);
			runOnlyForDeploymentPostprocessing = 1;
		};
/* End PBXCopyFilesBuildPhase section */

/* Begin PBXFileReference section */
		4F4D2FD31C0C6291001AB1E0 /* TODO.txt */ = {isa = PBXFileReference; fileEncoding = 4; lastKnownFileType = text; path = TODO.txt; sourceTree = "<group>"; };
		4F5439441C0A169500DA3D8D /* value.swift */ = {isa = PBXFileReference; fileEncoding = 4; lastKnownFileType = sourcecode.swift; name = value.swift; path = values/value.swift; sourceTree = "<group>"; };
		4F5439451C0A169500DA3D8D /* environment.swift */ = {isa = PBXFileReference; fileEncoding = 4; lastKnownFileType = sourcecode.swift; path = environment.swift; sourceTree = "<group>"; };
		4F5439461C0A169500DA3D8D /* errors.swift */ = {isa = PBXFileReference; fileEncoding = 4; lastKnownFileType = sourcecode.swift; path = errors.swift; sourceTree = "<group>"; };
		4F5439471C0A169500DA3D8D /* lexer.swift */ = {isa = PBXFileReference; fileEncoding = 4; lastKnownFileType = sourcecode.swift; name = lexer.swift; path = parser/lexer.swift; sourceTree = "<group>"; };
		4F5439481C0A169500DA3D8D /* library.swift */ = {isa = PBXFileReference; fileEncoding = 4; lastKnownFileType = sourcecode.swift; path = library.swift; sourceTree = "<group>"; };
		4F54394A1C0A169500DA3D8D /* numeric-parser.swift */ = {isa = PBXFileReference; fileEncoding = 4; lastKnownFileType = sourcecode.swift; name = "numeric-parser.swift"; path = "parser/numeric-parser.swift"; sourceTree = "<group>"; };
		4F54394B1C0A169500DA3D8D /* numeric-text.swift */ = {isa = PBXFileReference; fileEncoding = 4; lastKnownFileType = sourcecode.swift; name = "numeric-text.swift"; path = "values/numeric-text.swift"; sourceTree = "<group>"; };
		4F54394C1C0A169500DA3D8D /* operator-tables.swift */ = {isa = PBXFileReference; fileEncoding = 4; lastKnownFileType = sourcecode.swift; path = "operator-tables.swift"; sourceTree = "<group>"; };
		4F54394D1C0A169500DA3D8D /* parser.swift */ = {isa = PBXFileReference; fileEncoding = 4; lastKnownFileType = sourcecode.swift; name = parser.swift; path = parser/parser.swift; sourceTree = "<group>"; };
		4F54394E1C0A169500DA3D8D /* procedure.swift */ = {isa = PBXFileReference; fileEncoding = 4; lastKnownFileType = sourcecode.swift; path = procedure.swift; sourceTree = "<group>"; };
		4F54394F1C0A169500DA3D8D /* renderer.swift */ = {isa = PBXFileReference; fileEncoding = 4; lastKnownFileType = sourcecode.swift; path = renderer.swift; sourceTree = "<group>"; };
		4F5439501C0A169500DA3D8D /* scalar-text.swift */ = {isa = PBXFileReference; fileEncoding = 4; lastKnownFileType = sourcecode.swift; name = "scalar-text.swift"; path = "values/scalar-text.swift"; sourceTree = "<group>"; };
		4F5439511C0A169500DA3D8D /* token.swift */ = {isa = PBXFileReference; fileEncoding = 4; lastKnownFileType = sourcecode.swift; name = token.swift; path = parser/token.swift; sourceTree = "<group>"; };
		4F7715E31DC95E3C006F8821 /* text.swift */ = {isa = PBXFileReference; fileEncoding = 4; lastKnownFileType = sourcecode.swift; name = text.swift; path = values/text.swift; sourceTree = "<group>"; };
		4F7715E51DC95E51006F8821 /* list.swift */ = {isa = PBXFileReference; fileEncoding = 4; lastKnownFileType = sourcecode.swift; name = list.swift; path = values/list.swift; sourceTree = "<group>"; };
		4F7715E71DC95E61006F8821 /* record.swift */ = {isa = PBXFileReference; fileEncoding = 4; lastKnownFileType = sourcecode.swift; name = record.swift; path = values/record.swift; sourceTree = "<group>"; };
		4F7715E91DC95E70006F8821 /* command.swift */ = {isa = PBXFileReference; fileEncoding = 4; lastKnownFileType = sourcecode.swift; name = command.swift; path = values/command.swift; sourceTree = "<group>"; };
		4F7715EB1DC95E87006F8821 /* miscellaneous.swift */ = {isa = PBXFileReference; fileEncoding = 4; lastKnownFileType = sourcecode.swift; name = miscellaneous.swift; path = values/miscellaneous.swift; sourceTree = "<group>"; };
		4F7715ED1DC95F13006F8821 /* records.swift */ = {isa = PBXFileReference; fileEncoding = 4; lastKnownFileType = sourcecode.swift; path = records.swift; sourceTree = "<group>"; };
		4FA3D4C91C0A1A2400990B49 /* main.swift */ = {isa = PBXFileReference; fileEncoding = 4; lastKnownFileType = sourcecode.swift; path = main.swift; sourceTree = "<group>"; };
		4FE28DE31DC5C0270047414B /* base.swift */ = {isa = PBXFileReference; fileEncoding = 4; lastKnownFileType = sourcecode.swift; path = base.swift; sourceTree = "<group>"; };
		4FE28DE51DC5C0760047414B /* texts.swift */ = {isa = PBXFileReference; fileEncoding = 4; lastKnownFileType = sourcecode.swift; path = texts.swift; sourceTree = "<group>"; };
		4FE28DE71DC5C08A0047414B /* lists.swift */ = {isa = PBXFileReference; fileEncoding = 4; lastKnownFileType = sourcecode.swift; path = lists.swift; sourceTree = "<group>"; };
		4FE28DE91DC68E240047414B /* modifiers.swift */ = {isa = PBXFileReference; fileEncoding = 4; lastKnownFileType = sourcecode.swift; path = modifiers.swift; sourceTree = "<group>"; };
		4FE28DEB1DC68EC20047414B /* commands.swift */ = {isa = PBXFileReference; fileEncoding = 4; lastKnownFileType = sourcecode.swift; path = commands.swift; sourceTree = "<group>"; };
		4FE28DED1DC68F910047414B /* other.swift */ = {isa = PBXFileReference; fileEncoding = 4; lastKnownFileType = sourcecode.swift; path = other.swift; sourceTree = "<group>"; };
		4FF060E01C20F3AA00622913 /* signature.swift */ = {isa = PBXFileReference; fileEncoding = 4; lastKnownFileType = sourcecode.swift; name = signature.swift; path = values/signature.swift; sourceTree = "<group>"; };
		4FF3363B1C170006007A3E7B /* operators.swift */ = {isa = PBXFileReference; fileEncoding = 4; lastKnownFileType = sourcecode.swift; path = operators.swift; sourceTree = "<group>"; };
		4FFD82AD1BD2D57C00677DC4 /* entoli */ = {isa = PBXFileReference; explicitFileType = "compiled.mach-o.executable"; includeInIndex = 0; path = entoli; sourceTree = BUILT_PRODUCTS_DIR; };
/* End PBXFileReference section */

/* Begin PBXFrameworksBuildPhase section */
		4FFD82AA1BD2D57C00677DC4 /* Frameworks */ = {
			isa = PBXFrameworksBuildPhase;
			buildActionMask = 2147483647;
			files = (
			);
			runOnlyForDeploymentPostprocessing = 0;
		};
/* End PBXFrameworksBuildPhase section */

/* Begin PBXGroup section */
		4F5439611C0A16C300DA3D8D /* parser */ = {
			isa = PBXGroup;
			children = (
				4F5439511C0A169500DA3D8D /* token.swift */,
				4F5439471C0A169500DA3D8D /* lexer.swift */,
				4F54394D1C0A169500DA3D8D /* parser.swift */,
				4F54394A1C0A169500DA3D8D /* numeric-parser.swift */,
			);
			name = parser;
			sourceTree = "<group>";
		};
		4F5439621C0A16E200DA3D8D /* interpreter */ = {
			isa = PBXGroup;
			children = (
				4F5439451C0A169500DA3D8D /* environment.swift */,
				4F54394E1C0A169500DA3D8D /* procedure.swift */,
				4F54394F1C0A169500DA3D8D /* renderer.swift */,
			);
			name = interpreter;
			sourceTree = "<group>";
		};
		4F5439631C0A16EE00DA3D8D /* standard library */ = {
			isa = PBXGroup;
			children = (
				4F54394C1C0A169500DA3D8D /* operator-tables.swift */,
				4F5439481C0A169500DA3D8D /* library.swift */,
				4FF3363B1C170006007A3E7B /* operators.swift */,
			);
			path = "standard library";
			sourceTree = "<group>";
		};
		4F7715E21DC95E12006F8821 /* values */ = {
			isa = PBXGroup;
			children = (
				4F5439441C0A169500DA3D8D /* value.swift */,
				4F7715E31DC95E3C006F8821 /* text.swift */,
				4F5439501C0A169500DA3D8D /* scalar-text.swift */,
				4F54394B1C0A169500DA3D8D /* numeric-text.swift */,
				4F7715E51DC95E51006F8821 /* list.swift */,
				4F7715E71DC95E61006F8821 /* record.swift */,
				4FF060E01C20F3AA00622913 /* signature.swift */,
				4F7715E91DC95E70006F8821 /* command.swift */,
				4F7715EB1DC95E87006F8821 /* miscellaneous.swift */,
			);
			name = values;
			sourceTree = "<group>";
		};
		4FE28DE21DC5C0270047414B /* constraints */ = {
			isa = PBXGroup;
			children = (
				4FE28DE31DC5C0270047414B /* base.swift */,
				4FE28DE51DC5C0760047414B /* texts.swift */,
				4FE28DE71DC5C08A0047414B /* lists.swift */,
				4F7715ED1DC95F13006F8821 /* records.swift */,
				4FE28DEB1DC68EC20047414B /* commands.swift */,
				4FE28DE91DC68E240047414B /* modifiers.swift */,
				4FE28DED1DC68F910047414B /* other.swift */,
			);
			path = constraints;
			sourceTree = "<group>";
		};
		4FFD82A41BD2D57B00677DC4 = {
			isa = PBXGroup;
			children = (
				4F4D2FD31C0C6291001AB1E0 /* TODO.txt */,
				4FFD82AF1BD2D57C00677DC4 /* entoli */,
				4FFD82AE1BD2D57C00677DC4 /* Products */,
			);
			sourceTree = "<group>";
		};
		4FFD82AE1BD2D57C00677DC4 /* Products */ = {
			isa = PBXGroup;
			children = (
				4FFD82AD1BD2D57C00677DC4 /* entoli */,
			);
			name = Products;
			sourceTree = "<group>";
		};
		4FFD82AF1BD2D57C00677DC4 /* entoli */ = {
			isa = PBXGroup;
			children = (
				4FA3D4C91C0A1A2400990B49 /* main.swift */,
				4F7715E21DC95E12006F8821 /* values */,
				4FE28DE21DC5C0270047414B /* constraints */,
				4F5439611C0A16C300DA3D8D /* parser */,
				4F5439621C0A16E200DA3D8D /* interpreter */,
				4F5439461C0A169500DA3D8D /* errors.swift */,
				4F5439631C0A16EE00DA3D8D /* standard library */,
			);
			path = entoli;
			sourceTree = "<group>";
		};
/* End PBXGroup section */

/* Begin PBXNativeTarget section */
		4FFD82AC1BD2D57C00677DC4 /* entoli */ = {
			isa = PBXNativeTarget;
			buildConfigurationList = 4FFD82B41BD2D57C00677DC4 /* Build configuration list for PBXNativeTarget "entoli" */;
			buildPhases = (
				4FFD82A91BD2D57C00677DC4 /* Sources */,
				4FFD82AA1BD2D57C00677DC4 /* Frameworks */,
				4FFD82AB1BD2D57C00677DC4 /* CopyFiles */,
			);
			buildRules = (
			);
			dependencies = (
			);
			name = entoli;
			productName = entoli;
			productReference = 4FFD82AD1BD2D57C00677DC4 /* entoli */;
			productType = "com.apple.product-type.tool";
		};
/* End PBXNativeTarget section */

/* Begin PBXProject section */
		4FFD82A51BD2D57B00677DC4 /* Project object */ = {
			isa = PBXProject;
			attributes = {
				LastUpgradeCheck = 0800;
				TargetAttributes = {
					4FFD82AC1BD2D57C00677DC4 = {
						CreatedOnToolsVersion = 7.0;
						LastSwiftMigration = 0800;
					};
				};
			};
			buildConfigurationList = 4FFD82A81BD2D57C00677DC4 /* Build configuration list for PBXProject "entoli" */;
			compatibilityVersion = "Xcode 3.2";
			developmentRegion = English;
			hasScannedForEncodings = 0;
			knownRegions = (
				en,
			);
			mainGroup = 4FFD82A41BD2D57B00677DC4;
			productRefGroup = 4FFD82AE1BD2D57C00677DC4 /* Products */;
			projectDirPath = "";
			projectRoot = "";
			targets = (
				4FFD82AC1BD2D57C00677DC4 /* entoli */,
			);
		};
/* End PBXProject section */

/* Begin PBXSourcesBuildPhase section */
		4FFD82A91BD2D57C00677DC4 /* Sources */ = {
			isa = PBXSourcesBuildPhase;
			buildActionMask = 2147483647;
			files = (
				4F54395C1C0A169500DA3D8D /* parser.swift in Sources */,
				4F54395D1C0A169500DA3D8D /* procedure.swift in Sources */,
				4F5439571C0A169500DA3D8D /* library.swift in Sources */,
				4F7715E81DC95E61006F8821 /* record.swift in Sources */,
				4F7715EC1DC95E87006F8821 /* miscellaneous.swift in Sources */,
				4FE28DEC1DC68EC20047414B /* commands.swift in Sources */,
				4F5439601C0A169500DA3D8D /* token.swift in Sources */,
				4F7715E61DC95E51006F8821 /* list.swift in Sources */,
				4F7715EA1DC95E70006F8821 /* command.swift in Sources */,
				4FE28DE61DC5C0760047414B /* texts.swift in Sources */,
				4FE28DEE1DC68F910047414B /* other.swift in Sources */,
				4F5439531C0A169500DA3D8D /* value.swift in Sources */,
				4F54395E1C0A169500DA3D8D /* renderer.swift in Sources */,
				4FF060E11C20F3AA00622913 /* signature.swift in Sources */,
				4FE28DEA1DC68E240047414B /* modifiers.swift in Sources */,
				4F7715E41DC95E3C006F8821 /* text.swift in Sources */,
				4FE28DE41DC5C0270047414B /* base.swift in Sources */,
				4F5439551C0A169500DA3D8D /* errors.swift in Sources */,
				4F54395B1C0A169500DA3D8D /* operator-tables.swift in Sources */,
				4F54395F1C0A169500DA3D8D /* scalar-text.swift in Sources */,
				4FF3363C1C170006007A3E7B /* operators.swift in Sources */,
				4FA3D4CA1C0A1A2400990B49 /* main.swift in Sources */,
				4F54395A1C0A169500DA3D8D /* numeric-text.swift in Sources */,
				4F5439591C0A169500DA3D8D /* numeric-parser.swift in Sources */,
				4F5439561C0A169500DA3D8D /* lexer.swift in Sources */,
				4F5439541C0A169500DA3D8D /* environment.swift in Sources */,
				4F7715EE1DC95F13006F8821 /* records.swift in Sources */,
				4FE28DE81DC5C08A0047414B /* lists.swift in Sources */,
			);
			runOnlyForDeploymentPostprocessing = 0;
		};
/* End PBXSourcesBuildPhase section */

/* Begin XCBuildConfiguration section */
		4FFD82B21BD2D57C00677DC4 /* Debug */ = {
			isa = XCBuildConfiguration;
			buildSettings = {
				ALWAYS_SEARCH_USER_PATHS = NO;
				CLANG_CXX_LANGUAGE_STANDARD = "gnu++0x";
				CLANG_CXX_LIBRARY = "libc++";
				CLANG_ENABLE_MODULES = YES;
				CLANG_ENABLE_OBJC_ARC = YES;
				CLANG_WARN_BOOL_CONVERSION = YES;
				CLANG_WARN_CONSTANT_CONVERSION = YES;
				CLANG_WARN_DIRECT_OBJC_ISA_USAGE = YES_ERROR;
				CLANG_WARN_EMPTY_BODY = YES;
				CLANG_WARN_ENUM_CONVERSION = YES;
				CLANG_WARN_INFINITE_RECURSION = YES;
				CLANG_WARN_INT_CONVERSION = YES;
				CLANG_WARN_OBJC_ROOT_CLASS = YES_ERROR;
				CLANG_WARN_SUSPICIOUS_MOVE = YES;
				CLANG_WARN_UNREACHABLE_CODE = YES;
				CLANG_WARN__DUPLICATE_METHOD_MATCH = YES;
				COPY_PHASE_STRIP = NO;
				DEBUG_INFORMATION_FORMAT = dwarf;
				ENABLE_STRICT_OBJC_MSGSEND = YES;
				ENABLE_TESTABILITY = YES;
				GCC_C_LANGUAGE_STANDARD = gnu99;
				GCC_DYNAMIC_NO_PIC = NO;
				GCC_NO_COMMON_BLOCKS = YES;
				GCC_OPTIMIZATION_LEVEL = 0;
				GCC_PREPROCESSOR_DEFINITIONS = (
					"DEBUG=1",
					"$(inherited)",
				);
				GCC_WARN_64_TO_32_BIT_CONVERSION = YES;
				GCC_WARN_ABOUT_RETURN_TYPE = YES_ERROR;
				GCC_WARN_UNDECLARED_SELECTOR = YES;
				GCC_WARN_UNINITIALIZED_AUTOS = YES_AGGRESSIVE;
				GCC_WARN_UNUSED_FUNCTION = YES;
				GCC_WARN_UNUSED_VARIABLE = YES;
				MACOSX_DEPLOYMENT_TARGET = 10.11;
				MTL_ENABLE_DEBUG_INFO = YES;
				ONLY_ACTIVE_ARCH = YES;
				SDKROOT = macosx;
				SWIFT_OPTIMIZATION_LEVEL = "-Onone";
			};
			name = Debug;
		};
		4FFD82B31BD2D57C00677DC4 /* Release */ = {
			isa = XCBuildConfiguration;
			buildSettings = {
				ALWAYS_SEARCH_USER_PATHS = NO;
				CLANG_CXX_LANGUAGE_STANDARD = "gnu++0x";
				CLANG_CXX_LIBRARY = "libc++";
				CLANG_ENABLE_MODULES = YES;
				CLANG_ENABLE_OBJC_ARC = YES;
				CLANG_WARN_BOOL_CONVERSION = YES;
				CLANG_WARN_CONSTANT_CONVERSION = YES;
				CLANG_WARN_DIRECT_OBJC_ISA_USAGE = YES_ERROR;
				CLANG_WARN_EMPTY_BODY = YES;
				CLANG_WARN_ENUM_CONVERSION = YES;
				CLANG_WARN_INFINITE_RECURSION = YES;
				CLANG_WARN_INT_CONVERSION = YES;
				CLANG_WARN_OBJC_ROOT_CLASS = YES_ERROR;
				CLANG_WARN_SUSPICIOUS_MOVE = YES;
				CLANG_WARN_UNREACHABLE_CODE = YES;
				CLANG_WARN__DUPLICATE_METHOD_MATCH = YES;
				COPY_PHASE_STRIP = NO;
				DEBUG_INFORMATION_FORMAT = "dwarf-with-dsym";
				ENABLE_NS_ASSERTIONS = NO;
				ENABLE_STRICT_OBJC_MSGSEND = YES;
				GCC_C_LANGUAGE_STANDARD = gnu99;
				GCC_NO_COMMON_BLOCKS = YES;
				GCC_WARN_64_TO_32_BIT_CONVERSION = YES;
				GCC_WARN_ABOUT_RETURN_TYPE = YES_ERROR;
				GCC_WARN_UNDECLARED_SELECTOR = YES;
				GCC_WARN_UNINITIALIZED_AUTOS = YES_AGGRESSIVE;
				GCC_WARN_UNUSED_FUNCTION = YES;
				GCC_WARN_UNUSED_VARIABLE = YES;
				MACOSX_DEPLOYMENT_TARGET = 10.11;
				MTL_ENABLE_DEBUG_INFO = NO;
				SDKROOT = macosx;
			};
			name = Release;
		};
		4FFD82B51BD2D57C00677DC4 /* Debug */ = {
			isa = XCBuildConfiguration;
			buildSettings = {
				PRODUCT_NAME = "$(TARGET_NAME)";
				SWIFT_VERSION = 3.0;
			};
			name = Debug;
		};
		4FFD82B61BD2D57C00677DC4 /* Release */ = {
			isa = XCBuildConfiguration;
			buildSettings = {
				PRODUCT_NAME = "$(TARGET_NAME)";
				SWIFT_OPTIMIZATION_LEVEL = "-Owholemodule";
				SWIFT_VERSION = 3.0;
			};
			name = Release;
		};
/* End XCBuildConfiguration section */

/* Begin XCConfigurationList section */
		4FFD82A81BD2D57C00677DC4 /* Build configuration list for PBXProject "entoli" */ = {
			isa = XCConfigurationList;
			buildConfigurations = (
				4FFD82B21BD2D57C00677DC4 /* Debug */,
				4FFD82B31BD2D57C00677DC4 /* Release */,
			);
			defaultConfigurationIsVisible = 0;
			defaultConfigurationName = Release;
		};
		4FFD82B41BD2D57C00677DC4 /* Build configuration list for PBXNativeTarget "entoli" */ = {
			isa = XCConfigurationList;
			buildConfigurations = (
				4FFD82B51BD2D57C00677DC4 /* Debug */,
				4FFD82B61BD2D57C00677DC4 /* Release */,
			);
			defaultConfigurationIsVisible = 0;
			defaultConfigurationName = Release;
		};
/* End XCConfigurationList section */
	};
	rootObject = 4FFD82A51BD2D57B00677DC4 /* Project object */;
}
