// !$*UTF8*$!
{
	archiveVersion = 1;
	classes = {
	};
	objectVersion = 46;
	objects = {

/* Begin PBXBuildFile section */
		4F5439521C0A169500DA3D8D /* coercions.swift in Sources */ = {isa = PBXBuildFile; fileRef = 4F5439431C0A169500DA3D8D /* coercions.swift */; };
		4F5439531C0A169500DA3D8D /* datatypes.swift in Sources */ = {isa = PBXBuildFile; fileRef = 4F5439441C0A169500DA3D8D /* datatypes.swift */; };
		4F5439541C0A169500DA3D8D /* environment.swift in Sources */ = {isa = PBXBuildFile; fileRef = 4F5439451C0A169500DA3D8D /* environment.swift */; };
		4F5439551C0A169500DA3D8D /* errors.swift in Sources */ = {isa = PBXBuildFile; fileRef = 4F5439461C0A169500DA3D8D /* errors.swift */; };
		4F5439561C0A169500DA3D8D /* lexer.swift in Sources */ = {isa = PBXBuildFile; fileRef = 4F5439471C0A169500DA3D8D /* lexer.swift */; };
		4F5439571C0A169500DA3D8D /* library.swift in Sources */ = {isa = PBXBuildFile; fileRef = 4F5439481C0A169500DA3D8D /* library.swift */; };
		4F5439591C0A169500DA3D8D /* numeric-parser.swift in Sources */ = {isa = PBXBuildFile; fileRef = 4F54394A1C0A169500DA3D8D /* numeric-parser.swift */; };
		4F54395A1C0A169500DA3D8D /* numeric.swift in Sources */ = {isa = PBXBuildFile; fileRef = 4F54394B1C0A169500DA3D8D /* numeric.swift */; };
		4F54395B1C0A169500DA3D8D /* operator-tables.swift in Sources */ = {isa = PBXBuildFile; fileRef = 4F54394C1C0A169500DA3D8D /* operator-tables.swift */; };
		4F54395C1C0A169500DA3D8D /* parser.swift in Sources */ = {isa = PBXBuildFile; fileRef = 4F54394D1C0A169500DA3D8D /* parser.swift */; };
		4F54395D1C0A169500DA3D8D /* procedure.swift in Sources */ = {isa = PBXBuildFile; fileRef = 4F54394E1C0A169500DA3D8D /* procedure.swift */; };
		4F54395E1C0A169500DA3D8D /* renderer.swift in Sources */ = {isa = PBXBuildFile; fileRef = 4F54394F1C0A169500DA3D8D /* renderer.swift */; };
		4F54395F1C0A169500DA3D8D /* scalar.swift in Sources */ = {isa = PBXBuildFile; fileRef = 4F5439501C0A169500DA3D8D /* scalar.swift */; };
		4F5439601C0A169500DA3D8D /* token.swift in Sources */ = {isa = PBXBuildFile; fileRef = 4F5439511C0A169500DA3D8D /* token.swift */; };
		4FA3D4CA1C0A1A2400990B49 /* main.swift in Sources */ = {isa = PBXBuildFile; fileRef = 4FA3D4C91C0A1A2400990B49 /* main.swift */; };
/* End PBXBuildFile section */

/* Begin PBXCopyFilesBuildPhase section */
		4FFD82AB1BD2D57C00677DC4 /* CopyFiles */ = {
			isa = PBXCopyFilesBuildPhase;
			buildActionMask = 2147483647;
			dstPath = /usr/share/man/man1/;
			dstSubfolderSpec = 0;
			files = (
			);
			runOnlyForDeploymentPostprocessing = 1;
		};
/* End PBXCopyFilesBuildPhase section */

/* Begin PBXFileReference section */
		4F5439431C0A169500DA3D8D /* coercions.swift */ = {isa = PBXFileReference; fileEncoding = 4; lastKnownFileType = sourcecode.swift; path = coercions.swift; sourceTree = "<group>"; };
		4F5439441C0A169500DA3D8D /* datatypes.swift */ = {isa = PBXFileReference; fileEncoding = 4; lastKnownFileType = sourcecode.swift; path = datatypes.swift; sourceTree = "<group>"; };
		4F5439451C0A169500DA3D8D /* environment.swift */ = {isa = PBXFileReference; fileEncoding = 4; lastKnownFileType = sourcecode.swift; path = environment.swift; sourceTree = "<group>"; };
		4F5439461C0A169500DA3D8D /* errors.swift */ = {isa = PBXFileReference; fileEncoding = 4; lastKnownFileType = sourcecode.swift; path = errors.swift; sourceTree = "<group>"; };
		4F5439471C0A169500DA3D8D /* lexer.swift */ = {isa = PBXFileReference; fileEncoding = 4; lastKnownFileType = sourcecode.swift; path = lexer.swift; sourceTree = "<group>"; };
		4F5439481C0A169500DA3D8D /* library.swift */ = {isa = PBXFileReference; fileEncoding = 4; lastKnownFileType = sourcecode.swift; path = library.swift; sourceTree = "<group>"; };
		4F54394A1C0A169500DA3D8D /* numeric-parser.swift */ = {isa = PBXFileReference; fileEncoding = 4; lastKnownFileType = sourcecode.swift; path = "numeric-parser.swift"; sourceTree = "<group>"; };
		4F54394B1C0A169500DA3D8D /* numeric.swift */ = {isa = PBXFileReference; fileEncoding = 4; lastKnownFileType = sourcecode.swift; path = numeric.swift; sourceTree = "<group>"; };
		4F54394C1C0A169500DA3D8D /* operator-tables.swift */ = {isa = PBXFileReference; fileEncoding = 4; lastKnownFileType = sourcecode.swift; path = "operator-tables.swift"; sourceTree = "<group>"; };
		4F54394D1C0A169500DA3D8D /* parser.swift */ = {isa = PBXFileReference; fileEncoding = 4; lastKnownFileType = sourcecode.swift; path = parser.swift; sourceTree = "<group>"; };
		4F54394E1C0A169500DA3D8D /* procedure.swift */ = {isa = PBXFileReference; fileEncoding = 4; lastKnownFileType = sourcecode.swift; path = procedure.swift; sourceTree = "<group>"; };
		4F54394F1C0A169500DA3D8D /* renderer.swift */ = {isa = PBXFileReference; fileEncoding = 4; lastKnownFileType = sourcecode.swift; path = renderer.swift; sourceTree = "<group>"; };
		4F5439501C0A169500DA3D8D /* scalar.swift */ = {isa = PBXFileReference; fileEncoding = 4; lastKnownFileType = sourcecode.swift; path = scalar.swift; sourceTree = "<group>"; };
		4F5439511C0A169500DA3D8D /* token.swift */ = {isa = PBXFileReference; fileEncoding = 4; lastKnownFileType = sourcecode.swift; path = token.swift; sourceTree = "<group>"; };
		4FA3D4C91C0A1A2400990B49 /* main.swift */ = {isa = PBXFileReference; fileEncoding = 4; lastKnownFileType = sourcecode.swift; path = main.swift; sourceTree = "<group>"; };
		4FFD82AD1BD2D57C00677DC4 /* entoli */ = {isa = PBXFileReference; explicitFileType = "compiled.mach-o.executable"; includeInIndex = 0; path = entoli; sourceTree = BUILT_PRODUCTS_DIR; };
/* End PBXFileReference section */

/* Begin PBXFrameworksBuildPhase section */
		4FFD82AA1BD2D57C00677DC4 /* Frameworks */ = {
			isa = PBXFrameworksBuildPhase;
			buildActionMask = 2147483647;
			files = (
			);
			runOnlyForDeploymentPostprocessing = 0;
		};
/* End PBXFrameworksBuildPhase section */

/* Begin PBXGroup section */
		4F5439611C0A16C300DA3D8D /* parser */ = {
			isa = PBXGroup;
			children = (
				4F5439511C0A169500DA3D8D /* token.swift */,
				4F5439471C0A169500DA3D8D /* lexer.swift */,
				4F54394D1C0A169500DA3D8D /* parser.swift */,
				4F54394A1C0A169500DA3D8D /* numeric-parser.swift */,
				4F54394C1C0A169500DA3D8D /* operator-tables.swift */,
			);
			name = parser;
			sourceTree = "<group>";
		};
		4F5439621C0A16E200DA3D8D /* interpreter */ = {
			isa = PBXGroup;
			children = (
				4F5439431C0A169500DA3D8D /* coercions.swift */,
				4F5439441C0A169500DA3D8D /* datatypes.swift */,
				4F5439451C0A169500DA3D8D /* environment.swift */,
				4F54394B1C0A169500DA3D8D /* numeric.swift */,
				4F54394E1C0A169500DA3D8D /* procedure.swift */,
				4F5439501C0A169500DA3D8D /* scalar.swift */,
			);
			name = interpreter;
			sourceTree = "<group>";
		};
		4F5439631C0A16EE00DA3D8D /* standard library */ = {
			isa = PBXGroup;
			children = (
				4F5439481C0A169500DA3D8D /* library.swift */,
			);
			name = "standard library";
			sourceTree = "<group>";
		};
		4F5439641C0A16F900DA3D8D /* formatter */ = {
			isa = PBXGroup;
			children = (
				4F54394F1C0A169500DA3D8D /* renderer.swift */,
			);
			name = formatter;
			sourceTree = "<group>";
		};
		4FFD82A41BD2D57B00677DC4 = {
			isa = PBXGroup;
			children = (
				4FFD82AF1BD2D57C00677DC4 /* entoli */,
				4FFD82AE1BD2D57C00677DC4 /* Products */,
			);
			sourceTree = "<group>";
		};
		4FFD82AE1BD2D57C00677DC4 /* Products */ = {
			isa = PBXGroup;
			children = (
				4FFD82AD1BD2D57C00677DC4 /* entoli */,
			);
			name = Products;
			sourceTree = "<group>";
		};
		4FFD82AF1BD2D57C00677DC4 /* entoli */ = {
			isa = PBXGroup;
			children = (
				4FA3D4C91C0A1A2400990B49 /* main.swift */,
				4F5439611C0A16C300DA3D8D /* parser */,
				4F5439621C0A16E200DA3D8D /* interpreter */,
				4F5439631C0A16EE00DA3D8D /* standard library */,
				4F5439641C0A16F900DA3D8D /* formatter */,
				4F5439461C0A169500DA3D8D /* errors.swift */,
			);
			path = entoli;
			sourceTree = "<group>";
		};
/* End PBXGroup section */

/* Begin PBXNativeTarget section */
		4FFD82AC1BD2D57C00677DC4 /* entoli */ = {
			isa = PBXNativeTarget;
			buildConfigurationList = 4FFD82B41BD2D57C00677DC4 /* Build configuration list for PBXNativeTarget "entoli" */;
			buildPhases = (
				4FFD82A91BD2D57C00677DC4 /* Sources */,
				4FFD82AA1BD2D57C00677DC4 /* Frameworks */,
				4FFD82AB1BD2D57C00677DC4 /* CopyFiles */,
			);
			buildRules = (
			);
			dependencies = (
			);
			name = entoli;
			productName = entoli;
			productReference = 4FFD82AD1BD2D57C00677DC4 /* entoli */;
			productType = "com.apple.product-type.tool";
		};
/* End PBXNativeTarget section */

/* Begin PBXProject section */
		4FFD82A51BD2D57B00677DC4 /* Project object */ = {
			isa = PBXProject;
			attributes = {
				LastUpgradeCheck = 0700;
				TargetAttributes = {
					4FFD82AC1BD2D57C00677DC4 = {
						CreatedOnToolsVersion = 7.0;
					};
				};
			};
			buildConfigurationList = 4FFD82A81BD2D57C00677DC4 /* Build configuration list for PBXProject "entoli" */;
			compatibilityVersion = "Xcode 3.2";
			developmentRegion = English;
			hasScannedForEncodings = 0;
			knownRegions = (
				en,
			);
			mainGroup = 4FFD82A41BD2D57B00677DC4;
			productRefGroup = 4FFD82AE1BD2D57C00677DC4 /* Products */;
			projectDirPath = "";
			projectRoot = "";
			targets = (
				4FFD82AC1BD2D57C00677DC4 /* entoli */,
			);
		};
/* End PBXProject section */

/* Begin PBXSourcesBuildPhase section */
		4FFD82A91BD2D57C00677DC4 /* Sources */ = {
			isa = PBXSourcesBuildPhase;
			buildActionMask = 2147483647;
			files = (
				4F54395C1C0A169500DA3D8D /* parser.swift in Sources */,
				4F54395D1C0A169500DA3D8D /* procedure.swift in Sources */,
				4F5439571C0A169500DA3D8D /* library.swift in Sources */,
				4F5439601C0A169500DA3D8D /* token.swift in Sources */,
				4F5439531C0A169500DA3D8D /* datatypes.swift in Sources */,
				4F54395E1C0A169500DA3D8D /* renderer.swift in Sources */,
				4F5439551C0A169500DA3D8D /* errors.swift in Sources */,
				4F54395B1C0A169500DA3D8D /* operator-tables.swift in Sources */,
				4F54395F1C0A169500DA3D8D /* scalar.swift in Sources */,
				4FA3D4CA1C0A1A2400990B49 /* main.swift in Sources */,
				4F54395A1C0A169500DA3D8D /* numeric.swift in Sources */,
				4F5439591C0A169500DA3D8D /* numeric-parser.swift in Sources */,
				4F5439521C0A169500DA3D8D /* coercions.swift in Sources */,
				4F5439561C0A169500DA3D8D /* lexer.swift in Sources */,
				4F5439541C0A169500DA3D8D /* environment.swift in Sources */,
			);
			runOnlyForDeploymentPostprocessing = 0;
		};
/* End PBXSourcesBuildPhase section */

/* Begin XCBuildConfiguration section */
		4FFD82B21BD2D57C00677DC4 /* Debug */ = {
			isa = XCBuildConfiguration;
			buildSettings = {
				ALWAYS_SEARCH_USER_PATHS = NO;
				CLANG_CXX_LANGUAGE_STANDARD = "gnu++0x";
				CLANG_CXX_LIBRARY = "libc++";
				CLANG_ENABLE_MODULES = YES;
				CLANG_ENABLE_OBJC_ARC = YES;
				CLANG_WARN_BOOL_CONVERSION = YES;
				CLANG_WARN_CONSTANT_CONVERSION = YES;
				CLANG_WARN_DIRECT_OBJC_ISA_USAGE = YES_ERROR;
				CLANG_WARN_EMPTY_BODY = YES;
				CLANG_WARN_ENUM_CONVERSION = YES;
				CLANG_WARN_INT_CONVERSION = YES;
				CLANG_WARN_OBJC_ROOT_CLASS = YES_ERROR;
				CLANG_WARN_UNREACHABLE_CODE = YES;
				CLANG_WARN__DUPLICATE_METHOD_MATCH = YES;
				COPY_PHASE_STRIP = NO;
				DEBUG_INFORMATION_FORMAT = dwarf;
				ENABLE_STRICT_OBJC_MSGSEND = YES;
				ENABLE_TESTABILITY = YES;
				GCC_C_LANGUAGE_STANDARD = gnu99;
				GCC_DYNAMIC_NO_PIC = NO;
				GCC_NO_COMMON_BLOCKS = YES;
				GCC_OPTIMIZATION_LEVEL = 0;
				GCC_PREPROCESSOR_DEFINITIONS = (
					"DEBUG=1",
					"$(inherited)",
				);
				GCC_WARN_64_TO_32_BIT_CONVERSION = YES;
				GCC_WARN_ABOUT_RETURN_TYPE = YES_ERROR;
				GCC_WARN_UNDECLARED_SELECTOR = YES;
				GCC_WARN_UNINITIALIZED_AUTOS = YES_AGGRESSIVE;
				GCC_WARN_UNUSED_FUNCTION = YES;
				GCC_WARN_UNUSED_VARIABLE = YES;
				MACOSX_DEPLOYMENT_TARGET = 10.11;
				MTL_ENABLE_DEBUG_INFO = YES;
				ONLY_ACTIVE_ARCH = YES;
				SDKROOT = macosx;
				SWIFT_OPTIMIZATION_LEVEL = "-Onone";
			};
			name = Debug;
		};
		4FFD82B31BD2D57C00677DC4 /* Release */ = {
			isa = XCBuildConfiguration;
			buildSettings = {
				ALWAYS_SEARCH_USER_PATHS = NO;
				CLANG_CXX_LANGUAGE_STANDARD = "gnu++0x";
				CLANG_CXX_LIBRARY = "libc++";
				CLANG_ENABLE_MODULES = YES;
				CLANG_ENABLE_OBJC_ARC = YES;
				CLANG_WARN_BOOL_CONVERSION = YES;
				CLANG_WARN_CONSTANT_CONVERSION = YES;
				CLANG_WARN_DIRECT_OBJC_ISA_USAGE = YES_ERROR;
				CLANG_WARN_EMPTY_BODY = YES;
				CLANG_WARN_ENUM_CONVERSION = YES;
				CLANG_WARN_INT_CONVERSION = YES;
				CLANG_WARN_OBJC_ROOT_CLASS = YES_ERROR;
				CLANG_WARN_UNREACHABLE_CODE = YES;
				CLANG_WARN__DUPLICATE_METHOD_MATCH = YES;
				COPY_PHASE_STRIP = NO;
				DEBUG_INFORMATION_FORMAT = "dwarf-with-dsym";
				ENABLE_NS_ASSERTIONS = NO;
				ENABLE_STRICT_OBJC_MSGSEND = YES;
				GCC_C_LANGUAGE_STANDARD = gnu99;
				GCC_NO_COMMON_BLOCKS = YES;
				GCC_WARN_64_TO_32_BIT_CONVERSION = YES;
				GCC_WARN_ABOUT_RETURN_TYPE = YES_ERROR;
				GCC_WARN_UNDECLARED_SELECTOR = YES;
				GCC_WARN_UNINITIALIZED_AUTOS = YES_AGGRESSIVE;
				GCC_WARN_UNUSED_FUNCTION = YES;
				GCC_WARN_UNUSED_VARIABLE = YES;
				MACOSX_DEPLOYMENT_TARGET = 10.11;
				MTL_ENABLE_DEBUG_INFO = NO;
				SDKROOT = macosx;
			};
			name = Release;
		};
		4FFD82B51BD2D57C00677DC4 /* Debug */ = {
			isa = XCBuildConfiguration;
			buildSettings = {
				PRODUCT_NAME = "$(TARGET_NAME)";
			};
			name = Debug;
		};
		4FFD82B61BD2D57C00677DC4 /* Release */ = {
			isa = XCBuildConfiguration;
			buildSettings = {
				PRODUCT_NAME = "$(TARGET_NAME)";
			};
			name = Release;
		};
/* End XCBuildConfiguration section */

/* Begin XCConfigurationList section */
		4FFD82A81BD2D57C00677DC4 /* Build configuration list for PBXProject "entoli" */ = {
			isa = XCConfigurationList;
			buildConfigurations = (
				4FFD82B21BD2D57C00677DC4 /* Debug */,
				4FFD82B31BD2D57C00677DC4 /* Release */,
			);
			defaultConfigurationIsVisible = 0;
			defaultConfigurationName = Release;
		};
		4FFD82B41BD2D57C00677DC4 /* Build configuration list for PBXNativeTarget "entoli" */ = {
			isa = XCConfigurationList;
			buildConfigurations = (
				4FFD82B51BD2D57C00677DC4 /* Debug */,
				4FFD82B61BD2D57C00677DC4 /* Release */,
			);
			defaultConfigurationIsVisible = 0;
			defaultConfigurationName = Release;
		};
/* End XCConfigurationList section */
	};
	rootObject = 4FFD82A51BD2D57B00677DC4 /* Project object */;
}
